Microsoft Visual Studio Solution File, Format Version 12.00
Project("{FAE04EC0-301F-11D3-BF4B-00C04F79EFBC}") = "Bootsharp", "Bootsharp/Bootsharp.csproj", "{8D23B7D8-3E5D-420D-80FF-6A437B03D303}"
EndProject
Project("{FAE04EC0-301F-11D3-BF4B-00C04F79EFBC}") = "Bootsharp.Common", "Bootsharp.Common/Bootsharp.Common.csproj", "{8F9E732C-8ABF-4293-BDFA-4B3A31669A04}"
EndProject
Project("{FAE04EC0-301F-11D3-BF4B-00C04F79EFBC}") = "Bootsharp.Common.Test", "Bootsharp.Common.Test/Bootsharp.Common.Test.csproj", "{AEE52DF2-26C4-479B-B62D-14B58903BCE7}"
EndProject
Project("{FAE04EC0-301F-11D3-BF4B-00C04F79EFBC}") = "Bootsharp.Generate", "Bootsharp.Generate/Bootsharp.Generate.csproj", "{F395C565-EAFD-4F89-A7DD-4CA12761A86B}"
EndProject
Project("{FAE04EC0-301F-11D3-BF4B-00C04F79EFBC}") = "Bootsharp.Generate.Test", "Bootsharp.Generate.Test/Bootsharp.Generate.Test.csproj", "{B17E4577-6391-4669-9B12-083CA18ADF33}"
EndProject
Project("{FAE04EC0-301F-11D3-BF4B-00C04F79EFBC}") = "Bootsharp.Publish", "Bootsharp.Publish/Bootsharp.Publish.csproj", "{4CB73FC6-D64D-470A-8490-7604A292B973}"
EndProject
Project("{FAE04EC0-301F-11D3-BF4B-00C04F79EFBC}") = "Bootsharp.Publish.Test", "Bootsharp.Publish.Test/Bootsharp.Publish.Test.csproj", "{62571679-675C-4E85-AB3F-5C243920EE6B}"
EndProject
Project("{FAE04EC0-301F-11D3-BF4B-00C04F79EFBC}") = "Bootsharp.Inject", "Bootsharp.Inject/Bootsharp.Inject.csproj", "{062D88B5-22C4-4F54-9F68-2B943D93F898}"
EndProject
Project("{FAE04EC0-301F-11D3-BF4B-00C04F79EFBC}") = "Bootsharp.Inject.Test", "Bootsharp.Inject.Test/Bootsharp.Inject.Test.csproj", "{7D073BB0-79E8-4123-8B92-1FDD764C656E}"
EndProject
Global
	GlobalSection(ProjectConfigurationPlatforms) = postSolution
		{8D23B7D8-3E5D-420D-80FF-6A437B03D303}.Release|Any CPU.ActiveCfg = Release|Any CPU
		{8D23B7D8-3E5D-420D-80FF-6A437B03D303}.Release|Any CPU.Build.0 = Release|Any CPU
		{8D23B7D8-3E5D-420D-80FF-6A437B03D303}.Debug|Any CPU.ActiveCfg = Debug|Any CPU
		{8D23B7D8-3E5D-420D-80FF-6A437B03D303}.Debug|Any CPU.Build.0 = Debug|Any CPU
		{F395C565-EAFD-4F89-A7DD-4CA12761A86B}.Release|Any CPU.ActiveCfg = Release|Any CPU
		{F395C565-EAFD-4F89-A7DD-4CA12761A86B}.Release|Any CPU.Build.0 = Release|Any CPU
		{F395C565-EAFD-4F89-A7DD-4CA12761A86B}.Debug|Any CPU.ActiveCfg = Debug|Any CPU
		{F395C565-EAFD-4F89-A7DD-4CA12761A86B}.Debug|Any CPU.Build.0 = Debug|Any CPU
		{4CB73FC6-D64D-470A-8490-7604A292B973}.Release|Any CPU.ActiveCfg = Release|Any CPU
		{4CB73FC6-D64D-470A-8490-7604A292B973}.Release|Any CPU.Build.0 = Release|Any CPU
		{4CB73FC6-D64D-470A-8490-7604A292B973}.Debug|Any CPU.ActiveCfg = Debug|Any CPU
		{4CB73FC6-D64D-470A-8490-7604A292B973}.Debug|Any CPU.Build.0 = Debug|Any CPU
		{AEE52DF2-26C4-479B-B62D-14B58903BCE7}.Release|Any CPU.ActiveCfg = Release|Any CPU
		{AEE52DF2-26C4-479B-B62D-14B58903BCE7}.Release|Any CPU.Build.0 = Release|Any CPU
		{AEE52DF2-26C4-479B-B62D-14B58903BCE7}.Debug|Any CPU.ActiveCfg = Debug|Any CPU
		{AEE52DF2-26C4-479B-B62D-14B58903BCE7}.Debug|Any CPU.Build.0 = Debug|Any CPU
		{B17E4577-6391-4669-9B12-083CA18ADF33}.Release|Any CPU.ActiveCfg = Release|Any CPU
		{B17E4577-6391-4669-9B12-083CA18ADF33}.Release|Any CPU.Build.0 = Release|Any CPU
		{B17E4577-6391-4669-9B12-083CA18ADF33}.Debug|Any CPU.ActiveCfg = Debug|Any CPU
		{B17E4577-6391-4669-9B12-083CA18ADF33}.Debug|Any CPU.Build.0 = Debug|Any CPU
		{62571679-675C-4E85-AB3F-5C243920EE6B}.Release|Any CPU.ActiveCfg = Release|Any CPU
		{62571679-675C-4E85-AB3F-5C243920EE6B}.Release|Any CPU.Build.0 = Release|Any CPU
		{62571679-675C-4E85-AB3F-5C243920EE6B}.Debug|Any CPU.ActiveCfg = Debug|Any CPU
		{62571679-675C-4E85-AB3F-5C243920EE6B}.Debug|Any CPU.Build.0 = Debug|Any CPU
		{8F9E732C-8ABF-4293-BDFA-4B3A31669A04}.Release|Any CPU.ActiveCfg = Release|Any CPU
		{8F9E732C-8ABF-4293-BDFA-4B3A31669A04}.Release|Any CPU.Build.0 = Release|Any CPU
		{8F9E732C-8ABF-4293-BDFA-4B3A31669A04}.Debug|Any CPU.ActiveCfg = Debug|Any CPU
		{8F9E732C-8ABF-4293-BDFA-4B3A31669A04}.Debug|Any CPU.Build.0 = Debug|Any CPU
		{062D88B5-22C4-4F54-9F68-2B943D93F898}.Release|Any CPU.ActiveCfg = Release|Any CPU
		{062D88B5-22C4-4F54-9F68-2B943D93F898}.Release|Any CPU.Build.0 = Release|Any CPU
		{062D88B5-22C4-4F54-9F68-2B943D93F898}.Debug|Any CPU.ActiveCfg = Debug|Any CPU
		{062D88B5-22C4-4F54-9F68-2B943D93F898}.Debug|Any CPU.Build.0 = Debug|Any CPU
		{7D073BB0-79E8-4123-8B92-1FDD764C656E}.Release|Any CPU.ActiveCfg = Release|Any CPU
		{7D073BB0-79E8-4123-8B92-1FDD764C656E}.Release|Any CPU.Build.0 = Release|Any CPU
		{7D073BB0-79E8-4123-8B92-1FDD764C656E}.Debug|Any CPU.ActiveCfg = Debug|Any CPU
		{7D073BB0-79E8-4123-8B92-1FDD764C656E}.Debug|Any CPU.Build.0 = Debug|Any CPU
	EndGlobalSection
	GlobalSection(SolutionConfigurationPlatforms) = preSolution
		Release|Any CPU = Release|Any CPU
		Debug|Any CPU = Debug|Any CPU
	EndGlobalSection
EndGlobal
