Microsoft Visual Studio Solution File, Format Version 12.00
Project("{FAE04EC0-301F-11D3-BF4B-00C04F79EFBC}") = "Backend", "Backend/Backend.csproj", "{D67BDA79-2E0C-4C27-913B-8ED98A7C6A73}"
EndProject
Project("{FAE04EC0-301F-11D3-BF4B-00C04F79EFBC}") = "Backend.Prime", "Backend.Prime/Backend.Prime.csproj", "{F758E072-5DA6-499E-9F09-922D2367B201}"
EndProject
Project("{FAE04EC0-301F-11D3-BF4B-00C04F79EFBC}") = "Backend.WASM", "Backend.WASM/Backend.WASM.csproj", "{44F39802-9F5D-4D7E-9F63-8BAD2E3155A2}"
EndProject
Global
    GlobalSection(ProjectConfigurationPlatforms) = postSolution
        {F758E072-5DA6-499E-9F09-922D2367B201}.Debug|Any CPU.ActiveCfg = Debug|Any CPU
        {F758E072-5DA6-499E-9F09-922D2367B201}.Debug|Any CPU.Build.0 = Debug|Any CPU
        {F758E072-5DA6-499E-9F09-922D2367B201}.Release|Any CPU.ActiveCfg = Release|Any CPU
        {F758E072-5DA6-499E-9F09-922D2367B201}.Release|Any CPU.Build.0 = Release|Any CPU
        {44F39802-9F5D-4D7E-9F63-8BAD2E3155A2}.Debug|Any CPU.ActiveCfg = Debug|Any CPU
        {44F39802-9F5D-4D7E-9F63-8BAD2E3155A2}.Debug|Any CPU.Build.0 = Debug|Any CPU
        {44F39802-9F5D-4D7E-9F63-8BAD2E3155A2}.Release|Any CPU.ActiveCfg = Release|Any CPU
        {44F39802-9F5D-4D7E-9F63-8BAD2E3155A2}.Release|Any CPU.Build.0 = Release|Any CPU
        {D67BDA79-2E0C-4C27-913B-8ED98A7C6A73}.Debug|Any CPU.ActiveCfg = Debug|Any CPU
        {D67BDA79-2E0C-4C27-913B-8ED98A7C6A73}.Debug|Any CPU.Build.0 = Debug|Any CPU
        {D67BDA79-2E0C-4C27-913B-8ED98A7C6A73}.Release|Any CPU.ActiveCfg = Release|Any CPU
        {D67BDA79-2E0C-4C27-913B-8ED98A7C6A73}.Release|Any CPU.Build.0 = Release|Any CPU
    EndGlobalSection
    GlobalSection(SolutionConfigurationPlatforms) = preSolution
        Debug|Any CPU = Debug|Any CPU
        Release|Any CPU = Release|Any CPU
    EndGlobalSection
EndGlobal
