Microsoft Visual Studio Solution File, Format Version 12.00
Project("{FAE04EC0-301F-11D3-BF4B-00C04F79EFBC}") = "Bootsharp", "Bootsharp/Bootsharp.csproj", "{8D23B7D8-3E5D-420D-80FF-6A437B03D303}"
EndProject
EndProject
Project("{FAE04EC0-301F-11D3-BF4B-00C04F79EFBC}") = "Bootsharp.Common", "Bootsharp.Common/Bootsharp.Common.csproj", "{8F9E732C-8ABF-4293-BDFA-4B3A31669A04}"
EndProject
Project("{FAE04EC0-301F-11D3-BF4B-00C04F79EFBC}") = "Bootsharp.Common.Test", "Bootsharp.Common.Test/Bootsharp.Common.Test.csproj", "{AEE52DF2-26C4-479B-B62D-14B58903BCE7}"
EndProject
Project("{FAE04EC0-301F-11D3-BF4B-00C04F79EFBC}") = "Bootsharp.Generator", "Bootsharp.Generator/Bootsharp.Generator.csproj", "{F395C565-EAFD-4F89-A7DD-4CA12761A86B}"
EndProject
Project("{FAE04EC0-301F-11D3-BF4B-00C04F79EFBC}") = "Bootsharp.Generator.Test", "Bootsharp.Generator.Test/Bootsharp.Generator.Test.csproj", "{B17E4577-6391-4669-9B12-083CA18ADF33}"
EndProject
Project("{FAE04EC0-301F-11D3-BF4B-00C04F79EFBC}") = "Bootsharp.Builder", "Bootsharp.Builder/Bootsharp.Builder.csproj", "{4CB73FC6-D64D-470A-8490-7604A292B973}"
EndProject
Project("{FAE04EC0-301F-11D3-BF4B-00C04F79EFBC}") = "Bootsharp.Builder.Test", "Bootsharp.Builder.Test/Bootsharp.Builder.Test.csproj", "{62571679-675C-4E85-AB3F-5C243920EE6B}"
EndProject
Global
	GlobalSection(ProjectConfigurationPlatforms) = postSolution
		{8D23B7D8-3E5D-420D-80FF-6A437B03D303}.Release|Any CPU.ActiveCfg = Release|Any CPU
		{8D23B7D8-3E5D-420D-80FF-6A437B03D303}.Release|Any CPU.Build.0 = Release|Any CPU
		{8D23B7D8-3E5D-420D-80FF-6A437B03D303}.Debug|Any CPU.ActiveCfg = Debug|Any CPU
		{8D23B7D8-3E5D-420D-80FF-6A437B03D303}.Debug|Any CPU.Build.0 = Debug|Any CPU
		{F395C565-EAFD-4F89-A7DD-4CA12761A86B}.Release|Any CPU.ActiveCfg = Release|Any CPU
		{F395C565-EAFD-4F89-A7DD-4CA12761A86B}.Release|Any CPU.Build.0 = Release|Any CPU
		{F395C565-EAFD-4F89-A7DD-4CA12761A86B}.Debug|Any CPU.ActiveCfg = Debug|Any CPU
		{F395C565-EAFD-4F89-A7DD-4CA12761A86B}.Debug|Any CPU.Build.0 = Debug|Any CPU
		{4CB73FC6-D64D-470A-8490-7604A292B973}.Release|Any CPU.ActiveCfg = Release|Any CPU
		{4CB73FC6-D64D-470A-8490-7604A292B973}.Release|Any CPU.Build.0 = Release|Any CPU
		{4CB73FC6-D64D-470A-8490-7604A292B973}.Debug|Any CPU.ActiveCfg = Debug|Any CPU
		{4CB73FC6-D64D-470A-8490-7604A292B973}.Debug|Any CPU.Build.0 = Debug|Any CPU
		{AEE52DF2-26C4-479B-B62D-14B58903BCE7}.Release|Any CPU.ActiveCfg = Release|Any CPU
		{AEE52DF2-26C4-479B-B62D-14B58903BCE7}.Release|Any CPU.Build.0 = Release|Any CPU
		{AEE52DF2-26C4-479B-B62D-14B58903BCE7}.Debug|Any CPU.ActiveCfg = Debug|Any CPU
		{AEE52DF2-26C4-479B-B62D-14B58903BCE7}.Debug|Any CPU.Build.0 = Debug|Any CPU
		{B17E4577-6391-4669-9B12-083CA18ADF33}.Release|Any CPU.ActiveCfg = Release|Any CPU
		{B17E4577-6391-4669-9B12-083CA18ADF33}.Release|Any CPU.Build.0 = Release|Any CPU
		{B17E4577-6391-4669-9B12-083CA18ADF33}.Debug|Any CPU.ActiveCfg = Debug|Any CPU
		{B17E4577-6391-4669-9B12-083CA18ADF33}.Debug|Any CPU.Build.0 = Debug|Any CPU
		{62571679-675C-4E85-AB3F-5C243920EE6B}.Release|Any CPU.ActiveCfg = Release|Any CPU
		{62571679-675C-4E85-AB3F-5C243920EE6B}.Release|Any CPU.Build.0 = Release|Any CPU
		{62571679-675C-4E85-AB3F-5C243920EE6B}.Debug|Any CPU.ActiveCfg = Debug|Any CPU
		{62571679-675C-4E85-AB3F-5C243920EE6B}.Debug|Any CPU.Build.0 = Debug|Any CPU
		{8F9E732C-8ABF-4293-BDFA-4B3A31669A04}.Release|Any CPU.ActiveCfg = Release|Any CPU
		{8F9E732C-8ABF-4293-BDFA-4B3A31669A04}.Release|Any CPU.Build.0 = Release|Any CPU
		{8F9E732C-8ABF-4293-BDFA-4B3A31669A04}.Debug|Any CPU.ActiveCfg = Debug|Any CPU
		{8F9E732C-8ABF-4293-BDFA-4B3A31669A04}.Debug|Any CPU.Build.0 = Debug|Any CPU
	EndGlobalSection
	GlobalSection(SolutionConfigurationPlatforms) = preSolution
		Release|Any CPU = Release|Any CPU
		Debug|Any CPU = Debug|Any CPU
	EndGlobalSection
EndGlobal
